
Microsoft Visual Studio Solution File, Format Version 12.00
# Visual Studio Version 16
VisualStudioVersion = 16.0.31025.194
MinimumVisualStudioVersion = 10.0.40219.1
Project("{FAE04EC0-301F-11D3-BF4B-00C04F79EFBC}") = "testeDisposable", "testeDisposable\testeDisposable.csproj", "{73572A21-7434-4D50-9142-2E449E73A73C}"
EndProject
Global
	GlobalSection(SolutionConfigurationPlatforms) = preSolution
		Debug|Any CPU = Debug|Any CPU
		Release|Any CPU = Release|Any CPU
	EndGlobalSection
	GlobalSection(ProjectConfigurationPlatforms) = postSolution
		{73572A21-7434-4D50-9142-2E449E73A73C}.Debug|Any CPU.ActiveCfg = Debug|Any CPU
		{73572A21-7434-4D50-9142-2E449E73A73C}.Debug|Any CPU.Build.0 = Debug|Any CPU
		{73572A21-7434-4D50-9142-2E449E73A73C}.Release|Any CPU.ActiveCfg = Release|Any CPU
		{73572A21-7434-4D50-9142-2E449E73A73C}.Release|Any CPU.Build.0 = Release|Any CPU
	EndGlobalSection
	GlobalSection(SolutionProperties) = preSolution
		HideSolutionNode = FALSE
	EndGlobalSection
	GlobalSection(ExtensibilityGlobals) = postSolution
		EnterpriseLibraryConfigurationToolBinariesPathV6 = packages\EnterpriseLibrary.Common.6.0.1304.0\lib\NET45;packages\EnterpriseLibrary.Data.6.0.1304.0\lib\NET45
		SolutionGuid = {63C34EA2-9E15-414A-95F7-CCBF8F80C3C1}
	EndGlobalSection
EndGlobal
